[root]
name = "ptyd"
version = "0.1.0"
dependencies = [
 "redox_syscall 0.1.27 (registry+https://github.com/rust-lang/crates.io-index)",
 "redox_termios 0.1.0 (registry+https://github.com/rust-lang/crates.io-index)",
]

[[package]]
name = "redox_syscall"
version = "0.1.27"
source = "registry+https://github.com/rust-lang/crates.io-index"

[[package]]
name = "redox_termios"
version = "0.1.0"
source = "registry+https://github.com/rust-lang/crates.io-index"
dependencies = [
 "redox_syscall 0.1.27 (registry+https://github.com/rust-lang/crates.io-index)",
]

[metadata]
"checksum redox_syscall 0.1.27 (registry+https://github.com/rust-lang/crates.io-index)" = "80dcf663dc552529b9bfc7bdb30ea12e5fa5d3545137d850a91ad410053f68e9"
"checksum redox_termios 0.1.0 (registry+https://github.com/rust-lang/crates.io-index)" = "bc495930de8d330f14856cface52561b7d79a072c76e438cf8f34d7233a35fa7"
